
Microsoft Visual Studio Solution File, Format Version 12.00
# Visual Studio Version 17
VisualStudioVersion = 17.4.33213.308
MinimumVisualStudioVersion = 10.0.40219.1
Project("{FAE04EC0-301F-11D3-BF4B-00C04F79EFBC}") = "MobileProject2.Android", "MobileProject2\MobileProject2.Android\MobileProject2.Android.csproj", "{4EECE56A-10EB-4BC3-8774-78DAE07BAE5F}"
EndProject
Project("{FAE04EC0-301F-11D3-BF4B-00C04F79EFBC}") = "MobileProject2", "MobileProject2\MobileProject2\MobileProject2.csproj", "{4067FF4B-1D2B-4537-9646-5DD255DF50AD}"
EndProject
Global
	GlobalSection(SolutionConfigurationPlatforms) = preSolution
		Debug|Any CPU = Debug|Any CPU
		Release|Any CPU = Release|Any CPU
	EndGlobalSection
	GlobalSection(ProjectConfigurationPlatforms) = postSolution
		{4EECE56A-10EB-4BC3-8774-78DAE07BAE5F}.Debug|Any CPU.ActiveCfg = Debug|Any CPU
		{4EECE56A-10EB-4BC3-8774-78DAE07BAE5F}.Debug|Any CPU.Build.0 = Debug|Any CPU
		{4EECE56A-10EB-4BC3-8774-78DAE07BAE5F}.Debug|Any CPU.Deploy.0 = Debug|Any CPU
		{4EECE56A-10EB-4BC3-8774-78DAE07BAE5F}.Release|Any CPU.ActiveCfg = Release|Any CPU
		{4EECE56A-10EB-4BC3-8774-78DAE07BAE5F}.Release|Any CPU.Build.0 = Release|Any CPU
		{4EECE56A-10EB-4BC3-8774-78DAE07BAE5F}.Release|Any CPU.Deploy.0 = Release|Any CPU
		{4067FF4B-1D2B-4537-9646-5DD255DF50AD}.Debug|Any CPU.ActiveCfg = Debug|Any CPU
		{4067FF4B-1D2B-4537-9646-5DD255DF50AD}.Debug|Any CPU.Build.0 = Debug|Any CPU
		{4067FF4B-1D2B-4537-9646-5DD255DF50AD}.Debug|Any CPU.Deploy.0 = Debug|Any CPU
		{4067FF4B-1D2B-4537-9646-5DD255DF50AD}.Release|Any CPU.ActiveCfg = Release|Any CPU
		{4067FF4B-1D2B-4537-9646-5DD255DF50AD}.Release|Any CPU.Build.0 = Release|Any CPU
		{4067FF4B-1D2B-4537-9646-5DD255DF50AD}.Release|Any CPU.Deploy.0 = Release|Any CPU
	EndGlobalSection
	GlobalSection(SolutionProperties) = preSolution
		HideSolutionNode = FALSE
	EndGlobalSection
	GlobalSection(ExtensibilityGlobals) = postSolution
		SolutionGuid = {221EE213-3DE8-4115-8046-10B88888ECF6}
	EndGlobalSection
EndGlobal
